
Microsoft Visual Studio Solution File, Format Version 12.00
# Visual Studio Version 17
VisualStudioVersion = 17.0.31903.59
MinimumVisualStudioVersion = 10.0.40219.1
Project("{FAE04EC0-301F-11D3-BF4B-00C04F79EFBC}") = "CakeBuild", "CakeBuild\CakeBuild.csproj", "{BC68EDF6-C294-4819-B7F4-9EA99B73E69D}"
EndProject
Project("{FAE04EC0-301F-11D3-BF4B-00C04F79EFBC}") = "RPVoiceChat", "RPVoiceChat\RPVoiceChat.csproj", "{B1E22008-05B5-4F45-ADDD-832F26409551}"
EndProject
Global
	GlobalSection(SolutionConfigurationPlatforms) = preSolution
		Debug|Any CPU = Debug|Any CPU
		Debug|x64 = Debug|x64
		Debug|x86 = Debug|x86
		Release|Any CPU = Release|Any CPU
		Release|x64 = Release|x64
		Release|x86 = Release|x86
	EndGlobalSection
	GlobalSection(ProjectConfigurationPlatforms) = postSolution
		{BC68EDF6-C294-4819-B7F4-9EA99B73E69D}.Debug|Any CPU.ActiveCfg = Debug|Any CPU
		{BC68EDF6-C294-4819-B7F4-9EA99B73E69D}.Debug|Any CPU.Build.0 = Debug|Any CPU
		{BC68EDF6-C294-4819-B7F4-9EA99B73E69D}.Debug|x64.ActiveCfg = Debug|Any CPU
		{BC68EDF6-C294-4819-B7F4-9EA99B73E69D}.Debug|x64.Build.0 = Debug|Any CPU
		{BC68EDF6-C294-4819-B7F4-9EA99B73E69D}.Debug|x86.ActiveCfg = Debug|Any CPU
		{BC68EDF6-C294-4819-B7F4-9EA99B73E69D}.Debug|x86.Build.0 = Debug|Any CPU
		{BC68EDF6-C294-4819-B7F4-9EA99B73E69D}.Release|Any CPU.ActiveCfg = Release|Any CPU
		{BC68EDF6-C294-4819-B7F4-9EA99B73E69D}.Release|Any CPU.Build.0 = Release|Any CPU
		{BC68EDF6-C294-4819-B7F4-9EA99B73E69D}.Release|x64.ActiveCfg = Release|Any CPU
		{BC68EDF6-C294-4819-B7F4-9EA99B73E69D}.Release|x64.Build.0 = Release|Any CPU
		{BC68EDF6-C294-4819-B7F4-9EA99B73E69D}.Release|x86.ActiveCfg = Release|Any CPU
		{BC68EDF6-C294-4819-B7F4-9EA99B73E69D}.Release|x86.Build.0 = Release|Any CPU
		{B1E22008-05B5-4F45-ADDD-832F26409551}.Debug|Any CPU.ActiveCfg = Debug|Any CPU
		{B1E22008-05B5-4F45-ADDD-832F26409551}.Debug|Any CPU.Build.0 = Debug|Any CPU
		{B1E22008-05B5-4F45-ADDD-832F26409551}.Debug|x64.ActiveCfg = Debug|Any CPU
		{B1E22008-05B5-4F45-ADDD-832F26409551}.Debug|x64.Build.0 = Debug|Any CPU
		{B1E22008-05B5-4F45-ADDD-832F26409551}.Debug|x86.ActiveCfg = Debug|Any CPU
		{B1E22008-05B5-4F45-ADDD-832F26409551}.Debug|x86.Build.0 = Debug|Any CPU
		{B1E22008-05B5-4F45-ADDD-832F26409551}.Release|Any CPU.ActiveCfg = Release|Any CPU
		{B1E22008-05B5-4F45-ADDD-832F26409551}.Release|Any CPU.Build.0 = Release|Any CPU
		{B1E22008-05B5-4F45-ADDD-832F26409551}.Release|x64.ActiveCfg = Release|Any CPU
		{B1E22008-05B5-4F45-ADDD-832F26409551}.Release|x64.Build.0 = Release|Any CPU
		{B1E22008-05B5-4F45-ADDD-832F26409551}.Release|x86.ActiveCfg = Release|Any CPU
		{B1E22008-05B5-4F45-ADDD-832F26409551}.Release|x86.Build.0 = Release|Any CPU
	EndGlobalSection
	GlobalSection(SolutionProperties) = preSolution
		HideSolutionNode = FALSE
	EndGlobalSection
EndGlobal
