Microsoft Visual Studio Solution File, Format Version 12.00
# Visual Studio Version 17
VisualStudioVersion = 17.5.33414.496
MinimumVisualStudioVersion = 10.0.40219.1
Project("{FAE04EC0-301F-11D3-BF4B-00C04F79EFBC}") = "VSModLauncher", "VSModLauncher.csproj", "{203DFBF1-3599-43FD-8487-E1C79C2B788F}"
	ProjectSection(ProjectDependencies) = postProject
		{B9171499-A07E-4B2F-A61D-DDB0C60F261D} = {B9171499-A07E-4B2F-A61D-DDB0C60F261D}
	EndProjectSection
EndProject
Project("{FAE04EC0-301F-11D3-BF4B-00C04F79EFBC}") = "rpvoicechat", "mods\rpvoicechat\rpvoicechat.csproj", "{B9171499-A07E-4B2F-A61D-DDB0C60F261D}"
EndProject
Global
	GlobalSection(SolutionConfigurationPlatforms) = preSolution
		Debug|Any CPU = Debug|Any CPU
		DebugB|Any CPU = DebugB|Any CPU
		DebugServer|Any CPU = DebugServer|Any CPU
		Release x64|Any CPU = Release x64|Any CPU
		Release|Any CPU = Release|Any CPU
	EndGlobalSection
	GlobalSection(ProjectConfigurationPlatforms) = postSolution
		{203DFBF1-3599-43FD-8487-E1C79C2B788F}.Debug|Any CPU.ActiveCfg = Debug|Any CPU
		{203DFBF1-3599-43FD-8487-E1C79C2B788F}.Debug|Any CPU.Build.0 = Debug|Any CPU
		{203DFBF1-3599-43FD-8487-E1C79C2B788F}.DebugB|Any CPU.ActiveCfg = DebugB|Any CPU
		{203DFBF1-3599-43FD-8487-E1C79C2B788F}.DebugB|Any CPU.Build.0 = DebugB|Any CPU
		{203DFBF1-3599-43FD-8487-E1C79C2B788F}.DebugServer|Any CPU.ActiveCfg = DebugServer|Any CPU
		{203DFBF1-3599-43FD-8487-E1C79C2B788F}.DebugServer|Any CPU.Build.0 = DebugServer|Any CPU
		{203DFBF1-3599-43FD-8487-E1C79C2B788F}.Release x64|Any CPU.ActiveCfg = Release|Any CPU
		{203DFBF1-3599-43FD-8487-E1C79C2B788F}.Release x64|Any CPU.Build.0 = Release|Any CPU
		{203DFBF1-3599-43FD-8487-E1C79C2B788F}.Release|Any CPU.ActiveCfg = Release|Any CPU
		{203DFBF1-3599-43FD-8487-E1C79C2B788F}.Release|Any CPU.Build.0 = Release|Any CPU
		{B9171499-A07E-4B2F-A61D-DDB0C60F261D}.Debug|Any CPU.ActiveCfg = Debug|Any CPU
		{B9171499-A07E-4B2F-A61D-DDB0C60F261D}.Debug|Any CPU.Build.0 = Debug|Any CPU
		{B9171499-A07E-4B2F-A61D-DDB0C60F261D}.DebugB|Any CPU.ActiveCfg = DebugB|Any CPU
		{B9171499-A07E-4B2F-A61D-DDB0C60F261D}.DebugB|Any CPU.Build.0 = DebugB|Any CPU
		{B9171499-A07E-4B2F-A61D-DDB0C60F261D}.DebugServer|Any CPU.ActiveCfg = DebugServer|Any CPU
		{B9171499-A07E-4B2F-A61D-DDB0C60F261D}.DebugServer|Any CPU.Build.0 = DebugServer|Any CPU
		{B9171499-A07E-4B2F-A61D-DDB0C60F261D}.Release x64|Any CPU.ActiveCfg = Release|Any CPU
		{B9171499-A07E-4B2F-A61D-DDB0C60F261D}.Release x64|Any CPU.Build.0 = Release|Any CPU
		{B9171499-A07E-4B2F-A61D-DDB0C60F261D}.Release|Any CPU.ActiveCfg = Release|Any CPU
		{B9171499-A07E-4B2F-A61D-DDB0C60F261D}.Release|Any CPU.Build.0 = Release|Any CPU
	EndGlobalSection
	GlobalSection(SolutionProperties) = preSolution
		HideSolutionNode = FALSE
	EndGlobalSection
	GlobalSection(ExtensibilityGlobals) = postSolution
		SolutionGuid = {26630D08-373A-4935-AEEC-2864013A5F5B}
	EndGlobalSection
EndGlobal
